
Microsoft Visual Studio Solution File, Format Version 12.00
# Visual Studio Version 18
VisualStudioVersion = 18.3.11312.210 d18.3
MinimumVisualStudioVersion = 10.0.40219.1
Project("{FAE04EC0-301F-11D3-BF4B-00C04F79EFBC}") = "Insurance.InventoryService.AppCore.Domain", "Insurance.InventoryService.AppCore.Domain.csproj", "{4C534849-60A4-4ED3-9A5A-4A4C98F0F1D2}"
EndProject
Global
	GlobalSection(SolutionConfigurationPlatforms) = preSolution
		Debug|Any CPU = Debug|Any CPU
		Release|Any CPU = Release|Any CPU
	EndGlobalSection
	GlobalSection(ProjectConfigurationPlatforms) = postSolution
		{4C534849-60A4-4ED3-9A5A-4A4C98F0F1D2}.Debug|Any CPU.ActiveCfg = Debug|Any CPU
		{4C534849-60A4-4ED3-9A5A-4A4C98F0F1D2}.Debug|Any CPU.Build.0 = Debug|Any CPU
		{4C534849-60A4-4ED3-9A5A-4A4C98F0F1D2}.Release|Any CPU.ActiveCfg = Release|Any CPU
		{4C534849-60A4-4ED3-9A5A-4A4C98F0F1D2}.Release|Any CPU.Build.0 = Release|Any CPU
	EndGlobalSection
	GlobalSection(SolutionProperties) = preSolution
		HideSolutionNode = FALSE
	EndGlobalSection
	GlobalSection(ExtensibilityGlobals) = postSolution
		SolutionGuid = {F7B2012A-2EA4-4C86-9B80-89A355767C0A}
	EndGlobalSection
EndGlobal
