
Microsoft Visual Studio Solution File, Format Version 12.00
# Visual Studio Version 18
VisualStudioVersion = 18.3.11312.210 d18.3
MinimumVisualStudioVersion = 10.0.40219.1
Project("{FAE04EC0-301F-11D3-BF4B-00C04F79EFBC}") = "Insurance.AppCore.Domain", "Insurance.AppCore.Domain.csproj", "{9C321466-8AF0-29CF-0A1E-ADD84C0FFDEC}"
EndProject
Global
	GlobalSection(SolutionConfigurationPlatforms) = preSolution
		Debug|Any CPU = Debug|Any CPU
		Release|Any CPU = Release|Any CPU
	EndGlobalSection
	GlobalSection(ProjectConfigurationPlatforms) = postSolution
		{9C321466-8AF0-29CF-0A1E-ADD84C0FFDEC}.Debug|Any CPU.ActiveCfg = Debug|Any CPU
		{9C321466-8AF0-29CF-0A1E-ADD84C0FFDEC}.Debug|Any CPU.Build.0 = Debug|Any CPU
		{9C321466-8AF0-29CF-0A1E-ADD84C0FFDEC}.Release|Any CPU.ActiveCfg = Release|Any CPU
		{9C321466-8AF0-29CF-0A1E-ADD84C0FFDEC}.Release|Any CPU.Build.0 = Release|Any CPU
	EndGlobalSection
	GlobalSection(SolutionProperties) = preSolution
		HideSolutionNode = FALSE
	EndGlobalSection
	GlobalSection(ExtensibilityGlobals) = postSolution
		SolutionGuid = {DC4E9A92-3253-4DAF-BC70-4FA9C82070A4}
	EndGlobalSection
EndGlobal
